
Microsoft Visual Studio Solution File, Format Version 12.00
# Visual Studio Version 17
VisualStudioVersion = 17.14.36429.23
MinimumVisualStudioVersion = 10.0.40219.1
Project("{FAE04EC0-301F-11D3-BF4B-00C04F79EFBC}") = "Laboratorio 91", "Laboratorio 91\Laboratorio 91.csproj", "{DF95EC88-D890-4C84-B9C2-79F019EFA5F2}"
EndProject
Project("{FAE04EC0-301F-11D3-BF4B-00C04F79EFBC}") = "Laboratorio 92", "Laboratorio 92\Laboratorio 92.csproj", "{D64E6D04-6BA0-4635-B1D8-DF3F6E9DAF9F}"
EndProject
Project("{FAE04EC0-301F-11D3-BF4B-00C04F79EFBC}") = "Laboratorio 93", "Laboratorio 93\Laboratorio 93.csproj", "{909B6D86-23E6-489D-8FDA-CC13AAB109B5}"
EndProject
Global
	GlobalSection(SolutionConfigurationPlatforms) = preSolution
		Debug|Any CPU = Debug|Any CPU
		Release|Any CPU = Release|Any CPU
	EndGlobalSection
	GlobalSection(ProjectConfigurationPlatforms) = postSolution
		{DF95EC88-D890-4C84-B9C2-79F019EFA5F2}.Debug|Any CPU.ActiveCfg = Debug|Any CPU
		{DF95EC88-D890-4C84-B9C2-79F019EFA5F2}.Debug|Any CPU.Build.0 = Debug|Any CPU
		{DF95EC88-D890-4C84-B9C2-79F019EFA5F2}.Release|Any CPU.ActiveCfg = Release|Any CPU
		{DF95EC88-D890-4C84-B9C2-79F019EFA5F2}.Release|Any CPU.Build.0 = Release|Any CPU
		{D64E6D04-6BA0-4635-B1D8-DF3F6E9DAF9F}.Debug|Any CPU.ActiveCfg = Debug|Any CPU
		{D64E6D04-6BA0-4635-B1D8-DF3F6E9DAF9F}.Debug|Any CPU.Build.0 = Debug|Any CPU
		{D64E6D04-6BA0-4635-B1D8-DF3F6E9DAF9F}.Release|Any CPU.ActiveCfg = Release|Any CPU
		{D64E6D04-6BA0-4635-B1D8-DF3F6E9DAF9F}.Release|Any CPU.Build.0 = Release|Any CPU
		{909B6D86-23E6-489D-8FDA-CC13AAB109B5}.Debug|Any CPU.ActiveCfg = Debug|Any CPU
		{909B6D86-23E6-489D-8FDA-CC13AAB109B5}.Debug|Any CPU.Build.0 = Debug|Any CPU
		{909B6D86-23E6-489D-8FDA-CC13AAB109B5}.Release|Any CPU.ActiveCfg = Release|Any CPU
		{909B6D86-23E6-489D-8FDA-CC13AAB109B5}.Release|Any CPU.Build.0 = Release|Any CPU
	EndGlobalSection
	GlobalSection(SolutionProperties) = preSolution
		HideSolutionNode = FALSE
	EndGlobalSection
	GlobalSection(ExtensibilityGlobals) = postSolution
		SolutionGuid = {D92B211B-1547-4496-B42C-9D4C47DB37EE}
	EndGlobalSection
EndGlobal
